version = 1
revision = 2
requires-python = ">=3.12"

[[package]]
name = "click"
version = "8.2.1"
source = { registry = "https://pypi.org/simple" }
dependencies = [
    { name = "colorama", marker = "sys_platform == 'win32'" },
]
sdist = { url = "https://files.pythonhosted.org/packages/60/6c/8ca2efa64cf75a977a0d7fac081354553ebe483345c734fb6b6515d96bbc/click-8.2.1.tar.gz", hash = "sha256:27c491cc05d968d271d5a1db13e3b5a184636d9d930f148c50b038f0d0646202", size = 286342, upload-time = "2025-05-20T23:19:49.832Z" }
wheels = [
    { url = "https://files.pythonhosted.org/packages/85/32/10bb5764d90a8eee674e9dc6f4db6a0ab47c8c4d0d83c27f7c39ac415a4d/click-8.2.1-py3-none-any.whl", hash = "sha256:61a3265b914e850b85317d0b3109c7f8cd35a670f963866005d6ef1d5175a12b", size = 102215, upload-time = "2025-05-20T23:19:47.796Z" },
]

[[package]]
name = "colorama"
version = "0.4.6"
source = { registry = "https://pypi.org/simple" }
sdist = { url = "https://files.pythonhosted.org/packages/d8/53/6f443c9a4a8358a93a6792e2acffb9d9d5cb0a5cfd8802644b7b1c9a02e4/colorama-0.4.6.tar.gz", hash = "sha256:08695f5cb7ed6e0531a20572697297273c47b8cae5a63ffc6d6ed5c201be6e44", size = 27697, upload-time = "2022-10-25T02:36:22.414Z" }
wheels = [
    { url = "https://files.pythonhosted.org/packages/d1/d6/3965ed04c63042e047cb6a3e6ed1a63a35087b6a609aa3a15ed8ac56c221/colorama-0.4.6-py2.py3-none-any.whl", hash = "sha256:4f1d9991f5acc0ca119f9d443620b77f9d6b33703e51011c16baf57afb285fc6", size = 25335, upload-time = "2022-10-25T02:36:20.889Z" },
]

[[package]]
name = "iniconfig"
version = "2.0.0"
source = { registry = "https://pypi.org/simple" }
sdist = { url = "https://files.pythonhosted.org/packages/d7/4b/cbd8e699e64a6f16ca3a8220661b5f83792b3017d0f79807cb8708d33913/iniconfig-2.0.0.tar.gz", hash = "sha256:2d91e135bf72d31a410b17c16da610a82cb55f6b0477d1a902134b24a455b8b3", size = 4646, upload-time = "2023-01-07T11:08:11.254Z" }
wheels = [
    { url = "https://files.pythonhosted.org/packages/ef/a6/62565a6e1cf69e10f5727360368e451d4b7f58beeac6173dc9db836a5b46/iniconfig-2.0.0-py3-none-any.whl", hash = "sha256:b6a85871a79d2e3b22d2d1b94ac2824226a63c6b741c88f7ae975f18b6778374", size = 5892, upload-time = "2023-01-07T11:08:09.864Z" },
]

[[package]]
name = "markdown-it-py"
version = "3.0.0"
source = { registry = "https://pypi.org/simple" }
dependencies = [
    { name = "mdurl" },
]
sdist = { url = "https://files.pythonhosted.org/packages/38/71/3b932df36c1a044d397a1f92d1cf91ee0a503d91e470cbd670aa66b07ed0/markdown-it-py-3.0.0.tar.gz", hash = "sha256:e3f60a94fa066dc52ec76661e37c851cb232d92f9886b15cb560aaada2df8feb", size = 74596, upload-time = "2023-06-03T06:41:14.443Z" }
wheels = [
    { url = "https://files.pythonhosted.org/packages/42/d7/1ec15b46af6af88f19b8e5ffea08fa375d433c998b8a7639e76935c14f1f/markdown_it_py-3.0.0-py3-none-any.whl", hash = "sha256:355216845c60bd96232cd8d8c40e8f9765cc86f46880e43a8fd22dc1a1a8cab1", size = 87528, upload-time = "2023-06-03T06:41:11.019Z" },
]

[[package]]
name = "mdurl"
version = "0.1.2"
source = { registry = "https://pypi.org/simple" }
sdist = { url = "https://files.pythonhosted.org/packages/d6/54/cfe61301667036ec958cb99bd3efefba235e65cdeb9c84d24a8293ba1d90/mdurl-0.1.2.tar.gz", hash = "sha256:bb413d29f5eea38f31dd4754dd7377d4465116fb207585f97bf925588687c1ba", size = 8729, upload-time = "2022-08-14T12:40:10.846Z" }
wheels = [
    { url = "https://files.pythonhosted.org/packages/b3/38/89ba8ad64ae25be8de66a6d463314cf1eb366222074cfda9ee839c56a4b4/mdurl-0.1.2-py3-none-any.whl", hash = "sha256:84008a41e51615a49fc9966191ff91509e3c40b939176e643fd50a5c2196b8f8", size = 9979, upload-time = "2022-08-14T12:40:09.779Z" },
]

[[package]]
name = "mypy"
version = "1.16.0"
source = { registry = "https://pypi.org/simple" }
dependencies = [
    { name = "mypy-extensions" },
    { name = "pathspec" },
    { name = "typing-extensions" },
]
sdist = { url = "https://files.pythonhosted.org/packages/d4/38/13c2f1abae94d5ea0354e146b95a1be9b2137a0d506728e0da037c4276f6/mypy-1.16.0.tar.gz", hash = "sha256:84b94283f817e2aa6350a14b4a8fb2a35a53c286f97c9d30f53b63620e7af8ab", size = 3323139, upload-time = "2025-05-29T13:46:12.532Z" }
wheels = [
    { url = "https://files.pythonhosted.org/packages/70/cf/158e5055e60ca2be23aec54a3010f89dcffd788732634b344fc9cb1e85a0/mypy-1.16.0-cp312-cp312-macosx_10_13_x86_64.whl", hash = "sha256:c5436d11e89a3ad16ce8afe752f0f373ae9620841c50883dc96f8b8805620b13", size = 11062927, upload-time = "2025-05-29T13:35:52.328Z" },
    { url = "https://files.pythonhosted.org/packages/94/34/cfff7a56be1609f5d10ef386342ce3494158e4d506516890142007e6472c/mypy-1.16.0-cp312-cp312-macosx_11_0_arm64.whl", hash = "sha256:f2622af30bf01d8fc36466231bdd203d120d7a599a6d88fb22bdcb9dbff84090", size = 10083082, upload-time = "2025-05-29T13:35:33.378Z" },
    { url = "https://files.pythonhosted.org/packages/b3/7f/7242062ec6288c33d8ad89574df87c3903d394870e5e6ba1699317a65075/mypy-1.16.0-cp312-cp312-manylinux_2_17_aarch64.manylinux2014_aarch64.manylinux_2_28_aarch64.whl", hash = "sha256:d045d33c284e10a038f5e29faca055b90eee87da3fc63b8889085744ebabb5a1", size = 11828306, upload-time = "2025-05-29T13:21:02.164Z" },
    { url = "https://files.pythonhosted.org/packages/6f/5f/b392f7b4f659f5b619ce5994c5c43caab3d80df2296ae54fa888b3d17f5a/mypy-1.16.0-cp312-cp312-manylinux_2_17_x86_64.manylinux2014_x86_64.manylinux_2_28_x86_64.whl", hash = "sha256:b4968f14f44c62e2ec4a038c8797a87315be8df7740dc3ee8d3bfe1c6bf5dba8", size = 12702764, upload-time = "2025-05-29T13:20:42.826Z" },
    { url = "https://files.pythonhosted.org/packages/9b/c0/7646ef3a00fa39ac9bc0938626d9ff29d19d733011be929cfea59d82d136/mypy-1.16.0-cp312-cp312-musllinux_1_2_x86_64.whl", hash = "sha256:eb14a4a871bb8efb1e4a50360d4e3c8d6c601e7a31028a2c79f9bb659b63d730", size = 12896233, upload-time = "2025-05-29T13:18:37.446Z" },
    { url = "https://files.pythonhosted.org/packages/6d/38/52f4b808b3fef7f0ef840ee8ff6ce5b5d77381e65425758d515cdd4f5bb5/mypy-1.16.0-cp312-cp312-win_amd64.whl", hash = "sha256:bd4e1ebe126152a7bbaa4daedd781c90c8f9643c79b9748caa270ad542f12bec", size = 9565547, upload-time = "2025-05-29T13:20:02.836Z" },
    { url = "https://files.pythonhosted.org/packages/97/9c/ca03bdbefbaa03b264b9318a98950a9c683e06472226b55472f96ebbc53d/mypy-1.16.0-cp313-cp313-macosx_10_13_x86_64.whl", hash = "sha256:a9e056237c89f1587a3be1a3a70a06a698d25e2479b9a2f57325ddaaffc3567b", size = 11059753, upload-time = "2025-05-29T13:18:18.167Z" },
    { url = "https://files.pythonhosted.org/packages/36/92/79a969b8302cfe316027c88f7dc6fee70129490a370b3f6eb11d777749d0/mypy-1.16.0-cp313-cp313-macosx_11_0_arm64.whl", hash = "sha256:0b07e107affb9ee6ce1f342c07f51552d126c32cd62955f59a7db94a51ad12c0", size = 10073338, upload-time = "2025-05-29T13:19:48.079Z" },
    { url = "https://files.pythonhosted.org/packages/14/9b/a943f09319167da0552d5cd722104096a9c99270719b1afeea60d11610aa/mypy-1.16.0-cp313-cp313-manylinux_2_17_aarch64.manylinux2014_aarch64.manylinux_2_28_aarch64.whl", hash = "sha256:c6fb60cbd85dc65d4d63d37cb5c86f4e3a301ec605f606ae3a9173e5cf34997b", size = 11827764, upload-time = "2025-05-29T13:46:04.47Z" },
    { url = "https://files.pythonhosted.org/packages/ec/64/ff75e71c65a0cb6ee737287c7913ea155845a556c64144c65b811afdb9c7/mypy-1.16.0-cp313-cp313-manylinux_2_17_x86_64.manylinux2014_x86_64.manylinux_2_28_x86_64.whl", hash = "sha256:a7e32297a437cc915599e0578fa6bc68ae6a8dc059c9e009c628e1c47f91495d", size = 12701356, upload-time = "2025-05-29T13:35:13.553Z" },
    { url = "https://files.pythonhosted.org/packages/0a/ad/0e93c18987a1182c350f7a5fab70550852f9fabe30ecb63bfbe51b602074/mypy-1.16.0-cp313-cp313-musllinux_1_2_x86_64.whl", hash = "sha256:afe420c9380ccec31e744e8baff0d406c846683681025db3531b32db56962d52", size = 12900745, upload-time = "2025-05-29T13:17:24.409Z" },
    { url = "https://files.pythonhosted.org/packages/28/5d/036c278d7a013e97e33f08c047fe5583ab4f1fc47c9a49f985f1cdd2a2d7/mypy-1.16.0-cp313-cp313-win_amd64.whl", hash = "sha256:55f9076c6ce55dd3f8cd0c6fff26a008ca8e5131b89d5ba6d86bd3f47e736eeb", size = 9572200, upload-time = "2025-05-29T13:33:44.92Z" },
    { url = "https://files.pythonhosted.org/packages/99/a3/6ed10530dec8e0fdc890d81361260c9ef1f5e5c217ad8c9b21ecb2b8366b/mypy-1.16.0-py3-none-any.whl", hash = "sha256:29e1499864a3888bca5c1542f2d7232c6e586295183320caa95758fc84034031", size = 2265773, upload-time = "2025-05-29T13:35:18.762Z" },
]

[[package]]
name = "mypy-extensions"
version = "1.0.0"
source = { registry = "https://pypi.org/simple" }
sdist = { url = "https://files.pythonhosted.org/packages/98/a4/1ab47638b92648243faf97a5aeb6ea83059cc3624972ab6b8d2316078d3f/mypy_extensions-1.0.0.tar.gz", hash = "sha256:75dbf8955dc00442a438fc4d0666508a9a97b6bd41aa2f0ffe9d2f2725af0782", size = 4433, upload-time = "2023-02-04T12:11:27.157Z" }
wheels = [
    { url = "https://files.pythonhosted.org/packages/2a/e2/5d3f6ada4297caebe1a2add3b126fe800c96f56dbe5d1988a2cbe0b267aa/mypy_extensions-1.0.0-py3-none-any.whl", hash = "sha256:4392f6c0eb8a5668a69e23d168ffa70f0be9ccfd32b5cc2d26a34ae5b844552d", size = 4695, upload-time = "2023-02-04T12:11:25.002Z" },
]

[[package]]
name = "numpy"
version = "2.3.0"
source = { registry = "https://pypi.org/simple" }
sdist = { url = "https://files.pythonhosted.org/packages/f3/db/8e12381333aea300890829a0a36bfa738cac95475d88982d538725143fd9/numpy-2.3.0.tar.gz", hash = "sha256:581f87f9e9e9db2cba2141400e160e9dd644ee248788d6f90636eeb8fd9260a6", size = 20382813, upload-time = "2025-06-07T14:54:32.608Z" }
wheels = [
    { url = "https://files.pythonhosted.org/packages/89/59/9df493df81ac6f76e9f05cdbe013cdb0c9a37b434f6e594f5bd25e278908/numpy-2.3.0-cp312-cp312-macosx_10_13_x86_64.whl", hash = "sha256:389b85335838155a9076e9ad7f8fdba0827496ec2d2dc32ce69ce7898bde03ba", size = 20897025, upload-time = "2025-06-07T14:40:33.558Z" },
    { url = "https://files.pythonhosted.org/packages/2f/86/4ff04335901d6cf3a6bb9c748b0097546ae5af35e455ae9b962ebff4ecd7/numpy-2.3.0-cp312-cp312-macosx_11_0_arm64.whl", hash = "sha256:9498f60cd6bb8238d8eaf468a3d5bb031d34cd12556af53510f05fcf581c1b7e", size = 14129882, upload-time = "2025-06-07T14:40:55.034Z" },
    { url = "https://files.pythonhosted.org/packages/71/8d/a942cd4f959de7f08a79ab0c7e6cecb7431d5403dce78959a726f0f57aa1/numpy-2.3.0-cp312-cp312-macosx_14_0_arm64.whl", hash = "sha256:622a65d40d8eb427d8e722fd410ac3ad4958002f109230bc714fa551044ebae2", size = 5110181, upload-time = "2025-06-07T14:41:04.4Z" },
    { url = "https://files.pythonhosted.org/packages/86/5d/45850982efc7b2c839c5626fb67fbbc520d5b0d7c1ba1ae3651f2f74c296/numpy-2.3.0-cp312-cp312-macosx_14_0_x86_64.whl", hash = "sha256:b9446d9d8505aadadb686d51d838f2b6688c9e85636a0c3abaeb55ed54756459", size = 6647581, upload-time = "2025-06-07T14:41:14.695Z" },
    { url = "https://files.pythonhosted.org/packages/1a/c0/c871d4a83f93b00373d3eebe4b01525eee8ef10b623a335ec262b58f4dc1/numpy-2.3.0-cp312-cp312-manylinux_2_28_aarch64.whl", hash = "sha256:50080245365d75137a2bf46151e975de63146ae6d79f7e6bd5c0e85c9931d06a", size = 14262317, upload-time = "2025-06-07T14:41:35.862Z" },
    { url = "https://files.pythonhosted.org/packages/b7/f6/bc47f5fa666d5ff4145254f9e618d56e6a4ef9b874654ca74c19113bb538/numpy-2.3.0-cp312-cp312-manylinux_2_28_x86_64.whl", hash = "sha256:c24bb4113c66936eeaa0dc1e47c74770453d34f46ee07ae4efd853a2ed1ad10a", size = 16633919, upload-time = "2025-06-07T14:42:00.622Z" },
    { url = "https://files.pythonhosted.org/packages/f5/b4/65f48009ca0c9b76df5f404fccdea5a985a1bb2e34e97f21a17d9ad1a4ba/numpy-2.3.0-cp312-cp312-musllinux_1_2_aarch64.whl", hash = "sha256:4d8d294287fdf685281e671886c6dcdf0291a7c19db3e5cb4178d07ccf6ecc67", size = 15567651, upload-time = "2025-06-07T14:42:24.429Z" },
    { url = "https://files.pythonhosted.org/packages/f1/62/5367855a2018578e9334ed08252ef67cc302e53edc869666f71641cad40b/numpy-2.3.0-cp312-cp312-musllinux_1_2_x86_64.whl", hash = "sha256:6295f81f093b7f5769d1728a6bd8bf7466de2adfa771ede944ce6711382b89dc", size = 18361723, upload-time = "2025-06-07T14:42:51.167Z" },
    { url = "https://files.pythonhosted.org/packages/d4/75/5baed8cd867eabee8aad1e74d7197d73971d6a3d40c821f1848b8fab8b84/numpy-2.3.0-cp312-cp312-win32.whl", hash = "sha256:e6648078bdd974ef5d15cecc31b0c410e2e24178a6e10bf511e0557eed0f2570", size = 6318285, upload-time = "2025-06-07T14:43:02.052Z" },
    { url = "https://files.pythonhosted.org/packages/bc/49/d5781eaa1a15acb3b3a3f49dc9e2ff18d92d0ce5c2976f4ab5c0a7360250/numpy-2.3.0-cp312-cp312-win_amd64.whl", hash = "sha256:0898c67a58cdaaf29994bc0e2c65230fd4de0ac40afaf1584ed0b02cd74c6fdd", size = 12732594, upload-time = "2025-06-07T14:43:21.071Z" },
    { url = "https://files.pythonhosted.org/packages/c2/1c/6d343e030815c7c97a1f9fbad00211b47717c7fe446834c224bd5311e6f1/numpy-2.3.0-cp312-cp312-win_arm64.whl", hash = "sha256:bd8df082b6c4695753ad6193018c05aac465d634834dca47a3ae06d4bb22d9ea", size = 9891498, upload-time = "2025-06-07T14:43:36.332Z" },
    { url = "https://files.pythonhosted.org/packages/73/fc/1d67f751fd4dbafc5780244fe699bc4084268bad44b7c5deb0492473127b/numpy-2.3.0-cp313-cp313-macosx_10_13_x86_64.whl", hash = "sha256:5754ab5595bfa2c2387d241296e0381c21f44a4b90a776c3c1d39eede13a746a", size = 20889633, upload-time = "2025-06-07T14:44:06.839Z" },
    { url = "https://files.pythonhosted.org/packages/e8/95/73ffdb69e5c3f19ec4530f8924c4386e7ba097efc94b9c0aff607178ad94/numpy-2.3.0-cp313-cp313-macosx_11_0_arm64.whl", hash = "sha256:d11fa02f77752d8099573d64e5fe33de3229b6632036ec08f7080f46b6649959", size = 14151683, upload-time = "2025-06-07T14:44:28.847Z" },
    { url = "https://files.pythonhosted.org/packages/64/d5/06d4bb31bb65a1d9c419eb5676173a2f90fd8da3c59f816cc54c640ce265/numpy-2.3.0-cp313-cp313-macosx_14_0_arm64.whl", hash = "sha256:aba48d17e87688a765ab1cd557882052f238e2f36545dfa8e29e6a91aef77afe", size = 5102683, upload-time = "2025-06-07T14:44:38.417Z" },
    { url = "https://files.pythonhosted.org/packages/12/8b/6c2cef44f8ccdc231f6b56013dff1d71138c48124334aded36b1a1b30c5a/numpy-2.3.0-cp313-cp313-macosx_14_0_x86_64.whl", hash = "sha256:4dc58865623023b63b10d52f18abaac3729346a7a46a778381e0e3af4b7f3beb", size = 6640253, upload-time = "2025-06-07T14:44:49.359Z" },
    { url = "https://files.pythonhosted.org/packages/62/aa/fca4bf8de3396ddb59544df9b75ffe5b73096174de97a9492d426f5cd4aa/numpy-2.3.0-cp313-cp313-manylinux_2_28_aarch64.whl", hash = "sha256:df470d376f54e052c76517393fa443758fefcdd634645bc9c1f84eafc67087f0", size = 14258658, upload-time = "2025-06-07T14:45:10.156Z" },
    { url = "https://files.pythonhosted.org/packages/1c/12/734dce1087eed1875f2297f687e671cfe53a091b6f2f55f0c7241aad041b/numpy-2.3.0-cp313-cp313-manylinux_2_28_x86_64.whl", hash = "sha256:87717eb24d4a8a64683b7a4e91ace04e2f5c7c77872f823f02a94feee186168f", size = 16628765, upload-time = "2025-06-07T14:45:35.076Z" },
    { url = "https://files.pythonhosted.org/packages/48/03/ffa41ade0e825cbcd5606a5669962419528212a16082763fc051a7247d76/numpy-2.3.0-cp313-cp313-musllinux_1_2_aarch64.whl", hash = "sha256:d8fa264d56882b59dcb5ea4d6ab6f31d0c58a57b41aec605848b6eb2ef4a43e8", size = 15564335, upload-time = "2025-06-07T14:45:58.797Z" },
    { url = "https://files.pythonhosted.org/packages/07/58/869398a11863310aee0ff85a3e13b4c12f20d032b90c4b3ee93c3b728393/numpy-2.3.0-cp313-cp313-musllinux_1_2_x86_64.whl", hash = "sha256:e651756066a0eaf900916497e20e02fe1ae544187cb0fe88de981671ee7f6270", size = 18360608, upload-time = "2025-06-07T14:46:25.687Z" },
    { url = "https://files.pythonhosted.org/packages/2f/8a/5756935752ad278c17e8a061eb2127c9a3edf4ba2c31779548b336f23c8d/numpy-2.3.0-cp313-cp313-win32.whl", hash = "sha256:e43c3cce3b6ae5f94696669ff2a6eafd9a6b9332008bafa4117af70f4b88be6f", size = 6310005, upload-time = "2025-06-07T14:50:13.138Z" },
    { url = "https://files.pythonhosted.org/packages/08/60/61d60cf0dfc0bf15381eaef46366ebc0c1a787856d1db0c80b006092af84/numpy-2.3.0-cp313-cp313-win_amd64.whl", hash = "sha256:81ae0bf2564cf475f94be4a27ef7bcf8af0c3e28da46770fc904da9abd5279b5", size = 12729093, upload-time = "2025-06-07T14:50:31.82Z" },
    { url = "https://files.pythonhosted.org/packages/66/31/2f2f2d2b3e3c32d5753d01437240feaa32220b73258c9eef2e42a0832866/numpy-2.3.0-cp313-cp313-win_arm64.whl", hash = "sha256:c8738baa52505fa6e82778580b23f945e3578412554d937093eac9205e845e6e", size = 9885689, upload-time = "2025-06-07T14:50:47.888Z" },
    { url = "https://files.pythonhosted.org/packages/f1/89/c7828f23cc50f607ceb912774bb4cff225ccae7131c431398ad8400e2c98/numpy-2.3.0-cp313-cp313t-macosx_10_13_x86_64.whl", hash = "sha256:39b27d8b38942a647f048b675f134dd5a567f95bfff481f9109ec308515c51d8", size = 20986612, upload-time = "2025-06-07T14:46:56.077Z" },
    { url = "https://files.pythonhosted.org/packages/dd/46/79ecf47da34c4c50eedec7511e53d57ffdfd31c742c00be7dc1d5ffdb917/numpy-2.3.0-cp313-cp313t-macosx_11_0_arm64.whl", hash = "sha256:0eba4a1ea88f9a6f30f56fdafdeb8da3774349eacddab9581a21234b8535d3d3", size = 14298953, upload-time = "2025-06-07T14:47:18.053Z" },
    { url = "https://files.pythonhosted.org/packages/59/44/f6caf50713d6ff4480640bccb2a534ce1d8e6e0960c8f864947439f0ee95/numpy-2.3.0-cp313-cp313t-macosx_14_0_arm64.whl", hash = "sha256:b0f1f11d0a1da54927436505a5a7670b154eac27f5672afc389661013dfe3d4f", size = 5225806, upload-time = "2025-06-07T14:47:27.524Z" },
    { url = "https://files.pythonhosted.org/packages/a6/43/e1fd1aca7c97e234dd05e66de4ab7a5be54548257efcdd1bc33637e72102/numpy-2.3.0-cp313-cp313t-macosx_14_0_x86_64.whl", hash = "sha256:690d0a5b60a47e1f9dcec7b77750a4854c0d690e9058b7bef3106e3ae9117808", size = 6735169, upload-time = "2025-06-07T14:47:38.057Z" },
    { url = "https://files.pythonhosted.org/packages/84/89/f76f93b06a03177c0faa7ca94d0856c4e5c4bcaf3c5f77640c9ed0303e1c/numpy-2.3.0-cp313-cp313t-manylinux_2_28_aarch64.whl", hash = "sha256:8b51ead2b258284458e570942137155978583e407babc22e3d0ed7af33ce06f8", size = 14330701, upload-time = "2025-06-07T14:47:59.113Z" },
    { url = "https://files.pythonhosted.org/packages/aa/f5/4858c3e9ff7a7d64561b20580cf7cc5d085794bd465a19604945d6501f6c/numpy-2.3.0-cp313-cp313t-manylinux_2_28_x86_64.whl", hash = "sha256:aaf81c7b82c73bd9b45e79cfb9476cb9c29e937494bfe9092c26aece812818ad", size = 16692983, upload-time = "2025-06-07T14:48:24.196Z" },
    { url = "https://files.pythonhosted.org/packages/08/17/0e3b4182e691a10e9483bcc62b4bb8693dbf9ea5dc9ba0b77a60435074bb/numpy-2.3.0-cp313-cp313t-musllinux_1_2_aarch64.whl", hash = "sha256:f420033a20b4f6a2a11f585f93c843ac40686a7c3fa514060a97d9de93e5e72b", size = 15641435, upload-time = "2025-06-07T14:48:47.712Z" },
    { url = "https://files.pythonhosted.org/packages/4e/d5/463279fda028d3c1efa74e7e8d507605ae87f33dbd0543cf4c4527c8b882/numpy-2.3.0-cp313-cp313t-musllinux_1_2_x86_64.whl", hash = "sha256:d344ca32ab482bcf8735d8f95091ad081f97120546f3d250240868430ce52555", size = 18433798, upload-time = "2025-06-07T14:49:14.866Z" },
    { url = "https://files.pythonhosted.org/packages/0e/1e/7a9d98c886d4c39a2b4d3a7c026bffcf8fbcaf518782132d12a301cfc47a/numpy-2.3.0-cp313-cp313t-win32.whl", hash = "sha256:48a2e8eaf76364c32a1feaa60d6925eaf32ed7a040183b807e02674305beef61", size = 6438632, upload-time = "2025-06-07T14:49:25.67Z" },
    { url = "https://files.pythonhosted.org/packages/fe/ab/66fc909931d5eb230107d016861824f335ae2c0533f422e654e5ff556784/numpy-2.3.0-cp313-cp313t-win_amd64.whl", hash = "sha256:ba17f93a94e503551f154de210e4d50c5e3ee20f7e7a1b5f6ce3f22d419b93bb", size = 12868491, upload-time = "2025-06-07T14:49:44.898Z" },
    { url = "https://files.pythonhosted.org/packages/ee/e8/2c8a1c9e34d6f6d600c83d5ce5b71646c32a13f34ca5c518cc060639841c/numpy-2.3.0-cp313-cp313t-win_arm64.whl", hash = "sha256:f14e016d9409680959691c109be98c436c6249eaf7f118b424679793607b5944", size = 9935345, upload-time = "2025-06-07T14:50:02.311Z" },
]

[[package]]
name = "packaging"
version = "23.2"
source = { registry = "https://pypi.org/simple" }
sdist = { url = "https://files.pythonhosted.org/packages/fb/2b/9b9c33ffed44ee921d0967086d653047286054117d584f1b1a7c22ceaf7b/packaging-23.2.tar.gz", hash = "sha256:048fb0e9405036518eaaf48a55953c750c11e1a1b68e0dd1a9d62ed0c092cfc5", size = 146714, upload-time = "2023-10-01T13:50:05.279Z" }
wheels = [
    { url = "https://files.pythonhosted.org/packages/ec/1a/610693ac4ee14fcdf2d9bf3c493370e4f2ef7ae2e19217d7a237ff42367d/packaging-23.2-py3-none-any.whl", hash = "sha256:8c491190033a9af7e1d931d0b5dacc2ef47509b34dd0de67ed209b5203fc88c7", size = 53011, upload-time = "2023-10-01T13:50:03.745Z" },
]

[[package]]
name = "pathspec"
version = "0.12.1"
source = { registry = "https://pypi.org/simple" }
sdist = { url = "https://files.pythonhosted.org/packages/ca/bc/f35b8446f4531a7cb215605d100cd88b7ac6f44ab3fc94870c120ab3adbf/pathspec-0.12.1.tar.gz", hash = "sha256:a482d51503a1ab33b1c67a6c3813a26953dbdc71c31dacaef9a838c4e29f5712", size = 51043, upload-time = "2023-12-10T22:30:45Z" }
wheels = [
    { url = "https://files.pythonhosted.org/packages/cc/20/ff623b09d963f88bfde16306a54e12ee5ea43e9b597108672ff3a408aad6/pathspec-0.12.1-py3-none-any.whl", hash = "sha256:a0d503e138a4c123b27490a4f7beda6a01c6f288df0e4a8b79c7eb0dc7b4cc08", size = 31191, upload-time = "2023-12-10T22:30:43.14Z" },
]

[[package]]
name = "pluggy"
version = "1.6.0"
source = { registry = "https://pypi.org/simple" }
sdist = { url = "https://files.pythonhosted.org/packages/f9/e2/3e91f31a7d2b083fe6ef3fa267035b518369d9511ffab804f839851d2779/pluggy-1.6.0.tar.gz", hash = "sha256:7dcc130b76258d33b90f61b658791dede3486c3e6bfb003ee5c9bfb396dd22f3", size = 69412, upload-time = "2025-05-15T12:30:07.975Z" }
wheels = [
    { url = "https://files.pythonhosted.org/packages/54/20/4d324d65cc6d9205fabedc306948156824eb9f0ee1633355a8f7ec5c66bf/pluggy-1.6.0-py3-none-any.whl", hash = "sha256:e920276dd6813095e9377c0bc5566d94c932c33b27a3e3945d8389c374dd4746", size = 20538, upload-time = "2025-05-15T12:30:06.134Z" },
]

[[package]]
name = "pygments"
version = "2.19.1"
source = { registry = "https://pypi.org/simple" }
sdist = { url = "https://files.pythonhosted.org/packages/7c/2d/c3338d48ea6cc0feb8446d8e6937e1408088a72a39937982cc6111d17f84/pygments-2.19.1.tar.gz", hash = "sha256:61c16d2a8576dc0649d9f39e089b5f02bcd27fba10d8fb4dcc28173f7a45151f", size = 4968581, upload-time = "2025-01-06T17:26:30.443Z" }
wheels = [
    { url = "https://files.pythonhosted.org/packages/8a/0b/9fcc47d19c48b59121088dd6da2488a49d5f72dacf8262e2790a1d2c7d15/pygments-2.19.1-py3-none-any.whl", hash = "sha256:9ea1544ad55cecf4b8242fab6dd35a93bbce657034b0611ee383099054ab6d8c", size = 1225293, upload-time = "2025-01-06T17:26:25.553Z" },
]

[[package]]
name = "pytest"
version = "8.4.0"
source = { registry = "https://pypi.org/simple" }
dependencies = [
    { name = "colorama", marker = "sys_platform == 'win32'" },
    { name = "iniconfig" },
    { name = "packaging" },
    { name = "pluggy" },
    { name = "pygments" },
]
sdist = { url = "https://files.pythonhosted.org/packages/fb/aa/405082ce2749be5398045152251ac69c0f3578c7077efc53431303af97ce/pytest-8.4.0.tar.gz", hash = "sha256:14d920b48472ea0dbf68e45b96cd1ffda4705f33307dcc86c676c1b5104838a6", size = 1515232, upload-time = "2025-06-02T17:36:30.03Z" }
wheels = [
    { url = "https://files.pythonhosted.org/packages/2f/de/afa024cbe022b1b318a3d224125aa24939e99b4ff6f22e0ba639a2eaee47/pytest-8.4.0-py3-none-any.whl", hash = "sha256:f40f825768ad76c0977cbacdf1fd37c6f7a468e460ea6a0636078f8972d4517e", size = 363797, upload-time = "2025-06-02T17:36:27.859Z" },
]

[[package]]
name = "rich"
version = "14.0.0"
source = { registry = "https://pypi.org/simple" }
dependencies = [
    { name = "markdown-it-py" },
    { name = "pygments" },
]
sdist = { url = "https://files.pythonhosted.org/packages/a1/53/830aa4c3066a8ab0ae9a9955976fb770fe9c6102117c8ec4ab3ea62d89e8/rich-14.0.0.tar.gz", hash = "sha256:82f1bc23a6a21ebca4ae0c45af9bdbc492ed20231dcb63f297d6d1021a9d5725", size = 224078, upload-time = "2025-03-30T14:15:14.23Z" }
wheels = [
    { url = "https://files.pythonhosted.org/packages/0d/9b/63f4c7ebc259242c89b3acafdb37b41d1185c07ff0011164674e9076b491/rich-14.0.0-py3-none-any.whl", hash = "sha256:1c9491e1951aac09caffd42f448ee3d04e58923ffe14993f6e83068dc395d7e0", size = 243229, upload-time = "2025-03-30T14:15:12.283Z" },
]

[[package]]
name = "ruff"
version = "0.11.13"
source = { registry = "https://pypi.org/simple" }
sdist = { url = "https://files.pythonhosted.org/packages/ed/da/9c6f995903b4d9474b39da91d2d626659af3ff1eeb43e9ae7c119349dba6/ruff-0.11.13.tar.gz", hash = "sha256:26fa247dc68d1d4e72c179e08889a25ac0c7ba4d78aecfc835d49cbfd60bf514", size = 4282054, upload-time = "2025-06-05T21:00:15.721Z" }
wheels = [
    { url = "https://files.pythonhosted.org/packages/7d/ce/a11d381192966e0b4290842cc8d4fac7dc9214ddf627c11c1afff87da29b/ruff-0.11.13-py3-none-linux_armv6l.whl", hash = "sha256:4bdfbf1240533f40042ec00c9e09a3aade6f8c10b6414cf11b519488d2635d46", size = 10292516, upload-time = "2025-06-05T20:59:32.944Z" },
    { url = "https://files.pythonhosted.org/packages/78/db/87c3b59b0d4e753e40b6a3b4a2642dfd1dcaefbff121ddc64d6c8b47ba00/ruff-0.11.13-py3-none-macosx_10_12_x86_64.whl", hash = "sha256:aef9c9ed1b5ca28bb15c7eac83b8670cf3b20b478195bd49c8d756ba0a36cf48", size = 11106083, upload-time = "2025-06-05T20:59:37.03Z" },
    { url = "https://files.pythonhosted.org/packages/77/79/d8cec175856ff810a19825d09ce700265f905c643c69f45d2b737e4a470a/ruff-0.11.13-py3-none-macosx_11_0_arm64.whl", hash = "sha256:53b15a9dfdce029c842e9a5aebc3855e9ab7771395979ff85b7c1dedb53ddc2b", size = 10436024, upload-time = "2025-06-05T20:59:39.741Z" },
    { url = "https://files.pythonhosted.org/packages/8b/5b/f6d94f2980fa1ee854b41568368a2e1252681b9238ab2895e133d303538f/ruff-0.11.13-py3-none-manylinux_2_17_aarch64.manylinux2014_aarch64.whl", hash = "sha256:ab153241400789138d13f362c43f7edecc0edfffce2afa6a68434000ecd8f69a", size = 10646324, upload-time = "2025-06-05T20:59:42.185Z" },
    { url = "https://files.pythonhosted.org/packages/6c/9c/b4c2acf24ea4426016d511dfdc787f4ce1ceb835f3c5fbdbcb32b1c63bda/ruff-0.11.13-py3-none-manylinux_2_17_armv7l.manylinux2014_armv7l.whl", hash = "sha256:6c51f93029d54a910d3d24f7dd0bb909e31b6cd989a5e4ac513f4eb41629f0dc", size = 10174416, upload-time = "2025-06-05T20:59:44.319Z" },
    { url = "https://files.pythonhosted.org/packages/f3/10/e2e62f77c65ede8cd032c2ca39c41f48feabedb6e282bfd6073d81bb671d/ruff-0.11.13-py3-none-manylinux_2_17_i686.manylinux2014_i686.whl", hash = "sha256:1808b3ed53e1a777c2ef733aca9051dc9bf7c99b26ece15cb59a0320fbdbd629", size = 11724197, upload-time = "2025-06-05T20:59:46.935Z" },
    { url = "https://files.pythonhosted.org/packages/bb/f0/466fe8469b85c561e081d798c45f8a1d21e0b4a5ef795a1d7f1a9a9ec182/ruff-0.11.13-py3-none-manylinux_2_17_ppc64.manylinux2014_ppc64.whl", hash = "sha256:d28ce58b5ecf0f43c1b71edffabe6ed7f245d5336b17805803312ec9bc665933", size = 12511615, upload-time = "2025-06-05T20:59:49.534Z" },
    { url = "https://files.pythonhosted.org/packages/17/0e/cefe778b46dbd0cbcb03a839946c8f80a06f7968eb298aa4d1a4293f3448/ruff-0.11.13-py3-none-manylinux_2_17_ppc64le.manylinux2014_ppc64le.whl", hash = "sha256:55e4bc3a77842da33c16d55b32c6cac1ec5fb0fbec9c8c513bdce76c4f922165", size = 12117080, upload-time = "2025-06-05T20:59:51.654Z" },
    { url = "https://files.pythonhosted.org/packages/5d/2c/caaeda564cbe103bed145ea557cb86795b18651b0f6b3ff6a10e84e5a33f/ruff-0.11.13-py3-none-manylinux_2_17_s390x.manylinux2014_s390x.whl", hash = "sha256:633bf2c6f35678c56ec73189ba6fa19ff1c5e4807a78bf60ef487b9dd272cc71", size = 11326315, upload-time = "2025-06-05T20:59:54.469Z" },
    { url = "https://files.pythonhosted.org/packages/75/f0/782e7d681d660eda8c536962920c41309e6dd4ebcea9a2714ed5127d44bd/ruff-0.11.13-py3-none-manylinux_2_17_x86_64.manylinux2014_x86_64.whl", hash = "sha256:4ffbc82d70424b275b089166310448051afdc6e914fdab90e08df66c43bb5ca9", size = 11555640, upload-time = "2025-06-05T20:59:56.986Z" },
    { url = "https://files.pythonhosted.org/packages/5d/d4/3d580c616316c7f07fb3c99dbecfe01fbaea7b6fd9a82b801e72e5de742a/ruff-0.11.13-py3-none-musllinux_1_2_aarch64.whl", hash = "sha256:4a9ddd3ec62a9a89578c85842b836e4ac832d4a2e0bfaad3b02243f930ceafcc", size = 10507364, upload-time = "2025-06-05T20:59:59.154Z" },
    { url = "https://files.pythonhosted.org/packages/5a/dc/195e6f17d7b3ea6b12dc4f3e9de575db7983db187c378d44606e5d503319/ruff-0.11.13-py3-none-musllinux_1_2_armv7l.whl", hash = "sha256:d237a496e0778d719efb05058c64d28b757c77824e04ffe8796c7436e26712b7", size = 10141462, upload-time = "2025-06-05T21:00:01.481Z" },
    { url = "https://files.pythonhosted.org/packages/f4/8e/39a094af6967faa57ecdeacb91bedfb232474ff8c3d20f16a5514e6b3534/ruff-0.11.13-py3-none-musllinux_1_2_i686.whl", hash = "sha256:26816a218ca6ef02142343fd24c70f7cd8c5aa6c203bca284407adf675984432", size = 11121028, upload-time = "2025-06-05T21:00:04.06Z" },
    { url = "https://files.pythonhosted.org/packages/5a/c0/b0b508193b0e8a1654ec683ebab18d309861f8bd64e3a2f9648b80d392cb/ruff-0.11.13-py3-none-musllinux_1_2_x86_64.whl", hash = "sha256:51c3f95abd9331dc5b87c47ac7f376db5616041173826dfd556cfe3d4977f492", size = 11602992, upload-time = "2025-06-05T21:00:06.249Z" },
    { url = "https://files.pythonhosted.org/packages/7c/91/263e33ab93ab09ca06ce4f8f8547a858cc198072f873ebc9be7466790bae/ruff-0.11.13-py3-none-win32.whl", hash = "sha256:96c27935418e4e8e77a26bb05962817f28b8ef3843a6c6cc49d8783b5507f250", size = 10474944, upload-time = "2025-06-05T21:00:08.459Z" },
    { url = "https://files.pythonhosted.org/packages/46/f4/7c27734ac2073aae8efb0119cae6931b6fb48017adf048fdf85c19337afc/ruff-0.11.13-py3-none-win_amd64.whl", hash = "sha256:29c3189895a8a6a657b7af4e97d330c8a3afd2c9c8f46c81e2fc5a31866517e3", size = 11548669, upload-time = "2025-06-05T21:00:11.147Z" },
    { url = "https://files.pythonhosted.org/packages/ec/bf/b273dd11673fed8a6bd46032c0ea2a04b2ac9bfa9c628756a5856ba113b0/ruff-0.11.13-py3-none-win_arm64.whl", hash = "sha256:b4385285e9179d608ff1d2fb9922062663c658605819a6876d8beef0c30b7f3b", size = 10683928, upload-time = "2025-06-05T21:00:13.758Z" },
]

[[package]]
name = "semver"
version = "3.0.4"
source = { registry = "https://pypi.org/simple" }
sdist = { url = "https://files.pythonhosted.org/packages/72/d1/d3159231aec234a59dd7d601e9dd9fe96f3afff15efd33c1070019b26132/semver-3.0.4.tar.gz", hash = "sha256:afc7d8c584a5ed0a11033af086e8af226a9c0b206f313e0301f8dd7b6b589602", size = 269730, upload-time = "2025-01-24T13:19:27.617Z" }
wheels = [
    { url = "https://files.pythonhosted.org/packages/a6/24/4d91e05817e92e3a61c8a21e08fd0f390f5301f1c448b137c57c4bc6e543/semver-3.0.4-py3-none-any.whl", hash = "sha256:9c824d87ba7f7ab4a1890799cec8596f15c1241cb473404ea1cb0c55e4b04746", size = 17912, upload-time = "2025-01-24T13:19:24.949Z" },
]

[[package]]
name = "shellingham"
version = "1.5.4"
source = { registry = "https://pypi.org/simple" }
sdist = { url = "https://files.pythonhosted.org/packages/58/15/8b3609fd3830ef7b27b655beb4b4e9c62313a4e8da8c676e142cc210d58e/shellingham-1.5.4.tar.gz", hash = "sha256:8dbca0739d487e5bd35ab3ca4b36e11c4078f3a234bfce294b0a0291363404de", size = 10310, upload-time = "2023-10-24T04:13:40.426Z" }
wheels = [
    { url = "https://files.pythonhosted.org/packages/e0/f9/0595336914c5619e5f28a1fb793285925a8cd4b432c9da0a987836c7f822/shellingham-1.5.4-py2.py3-none-any.whl", hash = "sha256:7ecfff8f2fd72616f7481040475a65b2bf8af90a56c89140852d1120324e8686", size = 9755, upload-time = "2023-10-24T04:13:38.866Z" },
]

[[package]]
name = "typer"
version = "0.16.0"
source = { registry = "https://pypi.org/simple" }
dependencies = [
    { name = "click" },
    { name = "rich" },
    { name = "shellingham" },
    { name = "typing-extensions" },
]
sdist = { url = "https://files.pythonhosted.org/packages/c5/8c/7d682431efca5fd290017663ea4588bf6f2c6aad085c7f108c5dbc316e70/typer-0.16.0.tar.gz", hash = "sha256:af377ffaee1dbe37ae9440cb4e8f11686ea5ce4e9bae01b84ae7c63b87f1dd3b", size = 102625, upload-time = "2025-05-26T14:30:31.824Z" }
wheels = [
    { url = "https://files.pythonhosted.org/packages/76/42/3efaf858001d2c2913de7f354563e3a3a2f0decae3efe98427125a8f441e/typer-0.16.0-py3-none-any.whl", hash = "sha256:1f79bed11d4d02d4310e3c1b7ba594183bcedb0ac73b27a9e5f28f6fb5b98855", size = 46317, upload-time = "2025-05-26T14:30:30.523Z" },
]

[[package]]
name = "typing-extensions"
version = "4.9.0"
source = { registry = "https://pypi.org/simple" }
sdist = { url = "https://files.pythonhosted.org/packages/0c/1d/eb26f5e75100d531d7399ae800814b069bc2ed2a7410834d57374d010d96/typing_extensions-4.9.0.tar.gz", hash = "sha256:23478f88c37f27d76ac8aee6c905017a143b0b1b886c3c9f66bc2fd94f9f5783", size = 74918, upload-time = "2023-12-10T01:14:22.627Z" }
wheels = [
    { url = "https://files.pythonhosted.org/packages/b7/f4/6a90020cd2d93349b442bfcb657d0dc91eee65491600b2cb1d388bc98e6b/typing_extensions-4.9.0-py3-none-any.whl", hash = "sha256:af72aea155e91adfc61c3ae9e0e342dbc0cba726d6cba4b6c72c1f34e47291cd", size = 32750, upload-time = "2023-12-10T01:14:20.617Z" },
]

[[package]]
name = "typogenetics"
version = "0.1.0"
source = { editable = "." }
dependencies = [
    { name = "numpy" },
    { name = "rich" },
    { name = "typer" },
]

[package.dev-dependencies]
dev = [
    { name = "mypy" },
    { name = "pytest" },
    { name = "ruff" },
    { name = "semver" },
]

[package.metadata]
requires-dist = [
    { name = "numpy", specifier = ">=2.3.0" },
    { name = "rich", specifier = ">=14.0.0" },
    { name = "typer", specifier = ">=0.16.0" },
]

[package.metadata.requires-dev]
dev = [
    { name = "mypy", specifier = ">=1.16.0" },
    { name = "pytest", specifier = ">=8.4.0" },
    { name = "ruff", specifier = ">=0.11.13" },
    { name = "semver", specifier = ">=3.0.4" },
]
